# THIS IS AN AUTOGENERATED FILE. DO NOT EDIT THIS FILE DIRECTLY.
# yarn lockfile v1


hono@^3.0.5:
  version "3.0.5"
  resolved "https://registry.yarnpkg.com/hono/-/hono-3.0.5.tgz#3007b626de2cca2c0d48c0ddf551665fcc670280"
  integrity sha512-X/bNd7buFn+KLJPrdDENhHTZ1RSaemjXZDh9ABbSnY2KV+IzAHpdRT4Q1r6RHfvF5+l6xLp6OEX0j40Cs0GWGQ==

typescript@^4.9.5:
  version "4.9.5"
  resolved "https://registry.yarnpkg.com/typescript/-/typescript-4.9.5.tgz#095979f9bcc0d09da324d58d03ce8f8374cbe65a"
  integrity sha512-1FXk9E2Hm+QzZQ7z+McJiHL4NW1F2EzMu9Nq9i3zAaGqibafqYwCVU6WyWAuyQRRzOlxou8xZSyXLEN8oKj24g==
