# THIS IS AN AUTOGENERATED FILE. DO NOT EDIT THIS FILE DIRECTLY.
# yarn lockfile v1


hono@^3.1.2:
  version "3.1.2"
  resolved "https://registry.yarnpkg.com/hono/-/hono-3.1.2.tgz#896231b8940c201212bb3d440bebce637e68be26"
  integrity sha512-keNMGSlBX2VbwD5gF10Xu0zuUm9mTy1HWctIhuom8FJEJY6aKo1Bb/vQXTEjBupKDG7MJi2aG05YMo01GjkMQA==

typescript@^5.0.2:
  version "5.0.2"
  resolved "https://registry.yarnpkg.com/typescript/-/typescript-5.0.2.tgz#891e1a90c5189d8506af64b9ef929fca99ba1ee5"
  integrity sha512-wVORMBGO/FAs/++blGNeAVdbNKtIh1rbBL2EyQ1+J9lClJ93KiiKe8PmFIVdXhHcyv44SL9oglmfeSsndo0jRw==
